<?xml version="1.0" encoding="utf-8"?>
<Project ToolsVersion="16.0" xmlns="http://schemas.microsoft.com/developer/msbuild/2003">
  <ItemGroup>
    <CustomBuild Include="F:\myproj\nddPlugCN2TCConvert\vs2019\CMakeFiles\e5ff866afee4c508ee68de563de2b5f8\generate.stamp.rule">
      <Filter>CMake Rules</Filter>
    </CustomBuild>
  </ItemGroup>
  <ItemGroup>
    <Filter Include="CMake Rules">
      <UniqueIdentifier>{AF787469-845B-3E53-B836-6E1D548453FB}</UniqueIdentifier>
    </Filter>
  </ItemGroup>
</Project>
